Microsoft Visual Studio Solution File, Format Version 12.00
# Visual Studio Version 17
VisualStudioVersion = 17.5.2.0
MinimumVisualStudioVersion = 10.0.40219.1
Project("{FAE04EC0-301F-11D3-BF4B-00C04F79EFBC}") = "TaskManager.Api", "TaskManager.Api\TaskManager.Api.csproj", "{D0606BFF-01C2-4DA1-9613-1276EEDC1005}"
EndProject
Project("{FAE04EC0-301F-11D3-BF4B-00C04F79EFBC}") = "TaskManager.Core", "TaskManager.Core\TaskManager.Core.csproj", "{A1EA4052-5A9E-3A40-F7F0-6320221729CA}"
EndProject
Project("{FAE04EC0-301F-11D3-BF4B-00C04F79EFBC}") = "TaskManager.Infrastructure", "TaskManager.Infrastructure\TaskManager.Infrastructure.csproj", "{F2B4D855-AC92-A7BF-26B4-1189BBE846F1}"
EndProject
Global
	GlobalSection(SolutionConfigurationPlatforms) = preSolution
		Debug|Any CPU = Debug|Any CPU
		Release|Any CPU = Release|Any CPU
	EndGlobalSection
	GlobalSection(ProjectConfigurationPlatforms) = postSolution
		{D0606BFF-01C2-4DA1-9613-1276EEDC1005}.Debug|Any CPU.ActiveCfg = Debug|Any CPU
		{D0606BFF-01C2-4DA1-9613-1276EEDC1005}.Debug|Any CPU.Build.0 = Debug|Any CPU
		{D0606BFF-01C2-4DA1-9613-1276EEDC1005}.Release|Any CPU.ActiveCfg = Release|Any CPU
		{D0606BFF-01C2-4DA1-9613-1276EEDC1005}.Release|Any CPU.Build.0 = Release|Any CPU
		{A1EA4052-5A9E-3A40-F7F0-6320221729CA}.Debug|Any CPU.ActiveCfg = Debug|Any CPU
		{A1EA4052-5A9E-3A40-F7F0-6320221729CA}.Debug|Any CPU.Build.0 = Debug|Any CPU
		{A1EA4052-5A9E-3A40-F7F0-6320221729CA}.Release|Any CPU.ActiveCfg = Release|Any CPU
		{A1EA4052-5A9E-3A40-F7F0-6320221729CA}.Release|Any CPU.Build.0 = Release|Any CPU
		{F2B4D855-AC92-A7BF-26B4-1189BBE846F1}.Debug|Any CPU.ActiveCfg = Debug|Any CPU
		{F2B4D855-AC92-A7BF-26B4-1189BBE846F1}.Debug|Any CPU.Build.0 = Debug|Any CPU
		{F2B4D855-AC92-A7BF-26B4-1189BBE846F1}.Release|Any CPU.ActiveCfg = Release|Any CPU
		{F2B4D855-AC92-A7BF-26B4-1189BBE846F1}.Release|Any CPU.Build.0 = Release|Any CPU
	EndGlobalSection
	GlobalSection(SolutionProperties) = preSolution
		HideSolutionNode = FALSE
	EndGlobalSection
	GlobalSection(ExtensibilityGlobals) = postSolution
		SolutionGuid = {26B5A02A-C810-41F5-A137-36D2C74EDF0F}
	EndGlobalSection
EndGlobal
